
Microsoft Visual Studio Solution File, Format Version 12.00
# Visual Studio Version 16
VisualStudioVersion = 16.0.29123.88
MinimumVisualStudioVersion = 10.0.40219.1
Project("{FAE04EC0-301F-11D3-BF4B-00C04F79EFBC}") = "Game Of Life", "Game Of Life\Game Of Life.csproj", "{8E695ADA-8D06-4F6F-BEE5-BBF5CDC914C6}"
EndProject
Global
	GlobalSection(SolutionConfigurationPlatforms) = preSolution
		Debug|Any CPU = Debug|Any CPU
		Release|Any CPU = Release|Any CPU
	EndGlobalSection
	GlobalSection(ProjectConfigurationPlatforms) = postSolution
		{8E695ADA-8D06-4F6F-BEE5-BBF5CDC914C6}.Debug|Any CPU.ActiveCfg = Debug|Any CPU
		{8E695ADA-8D06-4F6F-BEE5-BBF5CDC914C6}.Debug|Any CPU.Build.0 = Debug|Any CPU
		{8E695ADA-8D06-4F6F-BEE5-BBF5CDC914C6}.Release|Any CPU.ActiveCfg = Release|Any CPU
		{8E695ADA-8D06-4F6F-BEE5-BBF5CDC914C6}.Release|Any CPU.Build.0 = Release|Any CPU
	EndGlobalSection
	GlobalSection(SolutionProperties) = preSolution
		HideSolutionNode = FALSE
	EndGlobalSection
	GlobalSection(ExtensibilityGlobals) = postSolution
		SolutionGuid = {667243BA-7AEC-4DCE-A2D8-152652EC2A62}
	EndGlobalSection
EndGlobal
